{
  "name": "miniprogram-ts-less-quickstart",
  "version": "1.0.0",
  "lockfileVersion": 3,
  "requires": true,
  "packages": {
    "": {
      "name": "miniprogram-ts-less-quickstart",
      "version": "1.0.0",
      "devDependencies": {
        "miniprogram-api-typings": "^5.1.2",
        "prettier": "^3.8.1",
        "typescript": "^4.9.5"
      }
    },
    "node_modules/miniprogram-api-typings": {
      "version": "5.1.2",
      "resolved": "https://registry.npmmirror.com/miniprogram-api-typings/-/miniprogram-api-typings-5.1.2.tgz",
      "integrity": "sha512-+4tABz3krRZu0EFO9obYwsfNC5Grpc5v49ZZc9qNzHRUHvKnM6G/n8/LnJBQCFht9dymhRnRx3FKcJ6TmzfmwA==",
      "dev": true,
      "license": "MIT"
    },
    "node_modules/prettier": {
      "version": "3.8.1",
      "resolved": "https://registry.npmmirror.com/prettier/-/prettier-3.8.1.tgz",
      "integrity": "sha512-UOnG6LftzbdaHZcKoPFtOcCKztrQ57WkHDeRD9t/PTQtmT0NHSeWWepj6pS0z/N7+08BHFDQVUrfmfMRcZwbMg==",
      "dev": true,
      "license": "MIT",
      "bin": {
        "prettier": "bin/prettier.cjs"
      },
      "engines": {
        "node": ">=14"
      },
      "funding": {
        "url": "https://github.com/prettier/prettier?sponsor=1"
      }
    },
    "node_modules/typescript": {
      "version": "4.9.5",
      "resolved": "https://registry.npmmirror.com/typescript/-/typescript-4.9.5.tgz",
      "integrity": "sha512-1FXk9E2Hm+QzZQ7z+McJiHL4NW1F2EzMu9Nq9i3zAaGqibafqYwCVU6WyWAuyQRRzOlxou8xZSyXLEN8oKj24g==",
      "dev": true,
      "license": "Apache-2.0",
      "bin": {
        "tsc": "bin/tsc",
        "tsserver": "bin/tsserver"
      },
      "engines": {
        "node": ">=4.2.0"
      }
    }
  }
}
